// !$*UTF8*$!
{
	archiveVersion = 1;
	classes = {
	};
	objectVersion = 55;
	objects = {

/* Begin PBXBuildFile section */
		055EBD0A28782FD500E5F703 /* Main.storyboard in Resources */ = {isa = PBXBuildFile; fileRef = 055EBD0828782FD500E5F703 /* Main.storyboard */; };
		055EBD0F28782FD600E5F703 /* LaunchScreen.storyboard in Resources */ = {isa = PBXBuildFile; fileRef = 055EBD0D28782FD600E5F703 /* LaunchScreen.storyboard */; };
		615B405A50D61B0EDBC1C94E /* DeepLinkCoordinator.swift in Sources */ = {isa = PBXBuildFile; fileRef = 615B4E393DAFCC4FB09751AF /* DeepLinkCoordinator.swift */; };
		615B416C962B2267A5E64E98 /* HomeCoordinator.swift in Sources */ = {isa = PBXBuildFile; fileRef = 615B471F39DA4A7E4CF70CDF /* HomeCoordinator.swift */; };
		615B445BF35BFEFAC04D3D13 /* MainBaseCoordinator.swift in Sources */ = {isa = PBXBuildFile; fileRef = 615B4EE2C792D0C32506883C /* MainBaseCoordinator.swift */; };
		615B45492B6DD5D87289BBF0 /* Coordinator.swift in Sources */ = {isa = PBXBuildFile; fileRef = 615B451744D390FA196ED4F7 /* Coordinator.swift */; };
		615B45EAA5CFF1DA6C0E88C5 /* HomeViewController.swift in Sources */ = {isa = PBXBuildFile; fileRef = 615B4C0B3F5E274AB7C56512 /* HomeViewController.swift */; };
		615B480256DBB123AA566BC2 /* AppFlow.swift in Sources */ = {isa = PBXBuildFile; fileRef = 615B488FB37EE73F5B2F129B /* AppFlow.swift */; };
		615B48375BDA48F8DD5BF69C /* HomeBaseCoordinator.swift in Sources */ = {isa = PBXBuildFile; fileRef = 615B4D821E431C86F2A064EF /* HomeBaseCoordinator.swift */; };
		615B4844DB58B30FF4E70EFF /* DeepLinkBaseCoordinator.swift in Sources */ = {isa = PBXBuildFile; fileRef = 615B405EFED3ED4C9AE75506 /* DeepLinkBaseCoordinator.swift */; };
		615B4F5343BB762B6D80E9FB /* MainCoordinator.swift in Sources */ = {isa = PBXBuildFile; fileRef = 615B4AAEFCF45A64FB38F5F3 /* MainCoordinator.swift */; };
		F88430EFDCD40F4A920503C6 /* GenericUtils.swift in Sources */ = {isa = PBXBuildFile; fileRef = F8843185FBBB40B996CC1432 /* GenericUtils.swift */; };
		F88431B11D75EB99F272ADBA /* AppDelegate.swift in Sources */ = {isa = PBXBuildFile; fileRef = F8843162EDD28A074434735D /* AppDelegate.swift */; };
		F884392B8AD62F5350C511C6 /* DynamicAsync.swift in Sources */ = {isa = PBXBuildFile; fileRef = F8843E1DB7F8C33E44737CF3 /* DynamicAsync.swift */; };
		F8843AA173FF187CF1BB65F4 /* DynamicArray.swift in Sources */ = {isa = PBXBuildFile; fileRef = F88434DECAB2D6CED0B34A2A /* DynamicArray.swift */; };
		F8843B98DD172F367D21A7BD /* SceneDelegate.swift in Sources */ = {isa = PBXBuildFile; fileRef = F884351AA98769D6A88890DE /* SceneDelegate.swift */; };
		F8843C15F6BA556A912151CC /* Constants.swift in Sources */ = {isa = PBXBuildFile; fileRef = F8843397C99E1D16C2F442EE /* Constants.swift */; };
		F8843FC5D8E2C8B16200D0E5 /* Assets.xcassets in Resources */ = {isa = PBXBuildFile; fileRef = F884363D359F76FDADB20F44 /* Assets.xcassets */; };
		F8843FF61D0CCCC242F05303 /* Dynamic.swift in Sources */ = {isa = PBXBuildFile; fileRef = F8843CCB733B6802B61642F6 /* Dynamic.swift */; };
/* End PBXBuildFile section */

/* Begin PBXFileReference section */
		055EBCFF28782FD500E5F703 /* JusanWallet.app */ = {isa = PBXFileReference; explicitFileType = wrapper.application; includeInIndex = 0; path = JusanWallet.app; sourceTree = BUILT_PRODUCTS_DIR; };
		055EBD0928782FD500E5F703 /* Base */ = {isa = PBXFileReference; lastKnownFileType = file.storyboard; name = Base; path = Base.lproj/Main.storyboard; sourceTree = "<group>"; };
		055EBD0E28782FD600E5F703 /* Base */ = {isa = PBXFileReference; lastKnownFileType = file.storyboard; name = Base; path = Base.lproj/LaunchScreen.storyboard; sourceTree = "<group>"; };
		615B405EFED3ED4C9AE75506 /* DeepLinkBaseCoordinator.swift */ = {isa = PBXFileReference; fileEncoding = 4; lastKnownFileType = sourcecode.swift; path = DeepLinkBaseCoordinator.swift; sourceTree = "<group>"; };
		615B451744D390FA196ED4F7 /* Coordinator.swift */ = {isa = PBXFileReference; fileEncoding = 4; lastKnownFileType = sourcecode.swift; path = Coordinator.swift; sourceTree = "<group>"; };
		615B471F39DA4A7E4CF70CDF /* HomeCoordinator.swift */ = {isa = PBXFileReference; fileEncoding = 4; lastKnownFileType = sourcecode.swift; path = HomeCoordinator.swift; sourceTree = "<group>"; };
		615B488FB37EE73F5B2F129B /* AppFlow.swift */ = {isa = PBXFileReference; fileEncoding = 4; lastKnownFileType = sourcecode.swift; path = AppFlow.swift; sourceTree = "<group>"; };
		615B4AAEFCF45A64FB38F5F3 /* MainCoordinator.swift */ = {isa = PBXFileReference; fileEncoding = 4; lastKnownFileType = sourcecode.swift; path = MainCoordinator.swift; sourceTree = "<group>"; };
		615B4C0B3F5E274AB7C56512 /* HomeViewController.swift */ = {isa = PBXFileReference; fileEncoding = 4; lastKnownFileType = sourcecode.swift; path = HomeViewController.swift; sourceTree = "<group>"; };
		615B4D821E431C86F2A064EF /* HomeBaseCoordinator.swift */ = {isa = PBXFileReference; fileEncoding = 4; lastKnownFileType = sourcecode.swift; path = HomeBaseCoordinator.swift; sourceTree = "<group>"; };
		615B4E393DAFCC4FB09751AF /* DeepLinkCoordinator.swift */ = {isa = PBXFileReference; fileEncoding = 4; lastKnownFileType = sourcecode.swift; path = DeepLinkCoordinator.swift; sourceTree = "<group>"; };
		615B4EE2C792D0C32506883C /* MainBaseCoordinator.swift */ = {isa = PBXFileReference; fileEncoding = 4; lastKnownFileType = sourcecode.swift; path = MainBaseCoordinator.swift; sourceTree = "<group>"; };
		F8843162EDD28A074434735D /* AppDelegate.swift */ = {isa = PBXFileReference; fileEncoding = 4; lastKnownFileType = sourcecode.swift; path = AppDelegate.swift; sourceTree = "<group>"; };
		F8843185FBBB40B996CC1432 /* GenericUtils.swift */ = {isa = PBXFileReference; fileEncoding = 4; lastKnownFileType = sourcecode.swift; path = GenericUtils.swift; sourceTree = "<group>"; };
		F8843397C99E1D16C2F442EE /* Constants.swift */ = {isa = PBXFileReference; fileEncoding = 4; lastKnownFileType = sourcecode.swift; path = Constants.swift; sourceTree = "<group>"; };
		F88434DECAB2D6CED0B34A2A /* DynamicArray.swift */ = {isa = PBXFileReference; fileEncoding = 4; lastKnownFileType = sourcecode.swift; path = DynamicArray.swift; sourceTree = "<group>"; };
		F884351AA98769D6A88890DE /* SceneDelegate.swift */ = {isa = PBXFileReference; fileEncoding = 4; lastKnownFileType = sourcecode.swift; path = SceneDelegate.swift; sourceTree = "<group>"; };
		F884363D359F76FDADB20F44 /* Assets.xcassets */ = {isa = PBXFileReference; lastKnownFileType = folder.assetcatalog; path = Assets.xcassets; sourceTree = "<group>"; };
		F8843CCB733B6802B61642F6 /* Dynamic.swift */ = {isa = PBXFileReference; fileEncoding = 4; lastKnownFileType = sourcecode.swift; path = Dynamic.swift; sourceTree = "<group>"; };
		F8843E1DB7F8C33E44737CF3 /* DynamicAsync.swift */ = {isa = PBXFileReference; fileEncoding = 4; lastKnownFileType = sourcecode.swift; path = DynamicAsync.swift; sourceTree = "<group>"; };
		F8843E8FDC59AB271150505A /* Info.plist */ = {isa = PBXFileReference; fileEncoding = 4; lastKnownFileType = text.plist.info; path = Info.plist; sourceTree = "<group>"; };
/* End PBXFileReference section */

/* Begin PBXFrameworksBuildPhase section */
		055EBCFC28782FD500E5F703 /* Frameworks */ = {
			isa = PBXFrameworksBuildPhase;
			buildActionMask = 2147483647;
			files = (
			);
			runOnlyForDeploymentPostprocessing = 0;
		};
/* End PBXFrameworksBuildPhase section */

/* Begin PBXGroup section */
		055EBCF628782FD500E5F703 = {
			isa = PBXGroup;
			children = (
				055EBD0128782FD500E5F703 /* JusanWallet */,
				055EBD0028782FD500E5F703 /* Products */,
			);
			sourceTree = "<group>";
		};
		055EBD0028782FD500E5F703 /* Products */ = {
			isa = PBXGroup;
			children = (
				055EBCFF28782FD500E5F703 /* JusanWallet.app */,
			);
			name = Products;
			sourceTree = "<group>";
		};
		055EBD0128782FD500E5F703 /* JusanWallet */ = {
			isa = PBXGroup;
			children = (
				055EBD0828782FD500E5F703 /* Main.storyboard */,
				055EBD0D28782FD600E5F703 /* LaunchScreen.storyboard */,
				F8843E9D3473DA3FE4E292E6 /* Supporting Files */,
				F884374229EF2BD26C7003E8 /* Application */,
				F884324B9CF4EE2CC30FBB5C /* Utils */,
				615B4CB806D3EB85CCCF3F35 /* Home */,
				615B41A3EA4DEEAD669048B1 /* Coordinator */,
			);
			path = JusanWallet;
			sourceTree = "<group>";
		};
		615B41A3EA4DEEAD669048B1 /* Coordinator */ = {
			isa = PBXGroup;
			children = (
				615B451744D390FA196ED4F7 /* Coordinator.swift */,
				615B4AAEFCF45A64FB38F5F3 /* MainCoordinator.swift */,
				615B4E393DAFCC4FB09751AF /* DeepLinkCoordinator.swift */,
				615B4EE2C792D0C32506883C /* MainBaseCoordinator.swift */,
				615B405EFED3ED4C9AE75506 /* DeepLinkBaseCoordinator.swift */,
				615B4707AA79D5CE677E78C4 /* AppFlow */,
			);
			path = Coordinator;
			sourceTree = "<group>";
		};
		615B4707AA79D5CE677E78C4 /* AppFlow */ = {
			isa = PBXGroup;
			children = (
				615B488FB37EE73F5B2F129B /* AppFlow.swift */,
			);
			path = AppFlow;
			sourceTree = "<group>";
		};
		615B4B4EA4DEF0FBA441930A /* Coordinator */ = {
			isa = PBXGroup;
			children = (
				615B471F39DA4A7E4CF70CDF /* HomeCoordinator.swift */,
				615B4D821E431C86F2A064EF /* HomeBaseCoordinator.swift */,
			);
			path = Coordinator;
			sourceTree = "<group>";
		};
		615B4CB806D3EB85CCCF3F35 /* Home */ = {
			isa = PBXGroup;
			children = (
				615B4B4EA4DEF0FBA441930A /* Coordinator */,
				615B4EC58EDC61B0D19A4BF0 /* ViewControllers */,
			);
			path = Home;
			sourceTree = "<group>";
		};
		615B4EC58EDC61B0D19A4BF0 /* ViewControllers */ = {
			isa = PBXGroup;
			children = (
				615B4C0B3F5E274AB7C56512 /* HomeViewController.swift */,
			);
			path = ViewControllers;
			sourceTree = "<group>";
		};
		F88431263283AEF34F541395 /* Constants */ = {
			isa = PBXGroup;
			children = (
				F8843397C99E1D16C2F442EE /* Constants.swift */,
			);
			path = Constants;
			sourceTree = "<group>";
		};
		F884324B9CF4EE2CC30FBB5C /* Utils */ = {
			isa = PBXGroup;
			children = (
				F8843B603CC199E05EB66D27 /* Dynamics */,
				F88431263283AEF34F541395 /* Constants */,
				F8843185FBBB40B996CC1432 /* GenericUtils.swift */,
			);
			path = Utils;
			sourceTree = "<group>";
		};
		F884374229EF2BD26C7003E8 /* Application */ = {
			isa = PBXGroup;
			children = (
				F8843162EDD28A074434735D /* AppDelegate.swift */,
				F884351AA98769D6A88890DE /* SceneDelegate.swift */,
			);
			path = Application;
			sourceTree = "<group>";
		};
		F8843B603CC199E05EB66D27 /* Dynamics */ = {
			isa = PBXGroup;
			children = (
				F8843CCB733B6802B61642F6 /* Dynamic.swift */,
				F88434DECAB2D6CED0B34A2A /* DynamicArray.swift */,
				F8843E1DB7F8C33E44737CF3 /* DynamicAsync.swift */,
			);
			path = Dynamics;
			sourceTree = "<group>";
		};
		F8843E9D3473DA3FE4E292E6 /* Supporting Files */ = {
			isa = PBXGroup;
			children = (
				F884363D359F76FDADB20F44 /* Assets.xcassets */,
				F8843E8FDC59AB271150505A /* Info.plist */,
			);
			path = "Supporting Files";
			sourceTree = "<group>";
		};
/* End PBXGroup section */

/* Begin PBXNativeTarget section */
		055EBCFE28782FD500E5F703 /* JusanWallet */ = {
			isa = PBXNativeTarget;
			buildConfigurationList = 055EBD1328782FD600E5F703 /* Build configuration list for PBXNativeTarget "JusanWallet" */;
			buildPhases = (
				055EBCFB28782FD500E5F703 /* Sources */,
				055EBCFC28782FD500E5F703 /* Frameworks */,
				055EBCFD28782FD500E5F703 /* Resources */,
			);
			buildRules = (
			);
			dependencies = (
			);
			name = JusanWallet;
			productName = JusanWallet;
			productReference = 055EBCFF28782FD500E5F703 /* JusanWallet.app */;
			productType = "com.apple.product-type.application";
		};
/* End PBXNativeTarget section */

/* Begin PBXProject section */
		055EBCF728782FD500E5F703 /* Project object */ = {
			isa = PBXProject;
			attributes = {
				BuildIndependentTargetsInParallel = 1;
				LastSwiftUpdateCheck = 1340;
				LastUpgradeCheck = 1340;
				TargetAttributes = {
					055EBCFE28782FD500E5F703 = {
						CreatedOnToolsVersion = 13.4.1;
					};
				};
			};
			buildConfigurationList = 055EBCFA28782FD500E5F703 /* Build configuration list for PBXProject "JusanWallet" */;
			compatibilityVersion = "Xcode 13.0";
			developmentRegion = en;
			hasScannedForEncodings = 0;
			knownRegions = (
				en,
				Base,
			);
			mainGroup = 055EBCF628782FD500E5F703;
			productRefGroup = 055EBD0028782FD500E5F703 /* Products */;
			projectDirPath = "";
			projectRoot = "";
			targets = (
				055EBCFE28782FD500E5F703 /* JusanWallet */,
			);
		};
/* End PBXProject section */

/* Begin PBXResourcesBuildPhase section */
		055EBCFD28782FD500E5F703 /* Resources */ = {
			isa = PBXResourcesBuildPhase;
			buildActionMask = 2147483647;
			files = (
				055EBD0F28782FD600E5F703 /* LaunchScreen.storyboard in Resources */,
				055EBD0A28782FD500E5F703 /* Main.storyboard in Resources */,
				F8843FC5D8E2C8B16200D0E5 /* Assets.xcassets in Resources */,
			);
			runOnlyForDeploymentPostprocessing = 0;
		};
/* End PBXResourcesBuildPhase section */

/* Begin PBXSourcesBuildPhase section */
		055EBCFB28782FD500E5F703 /* Sources */ = {
			isa = PBXSourcesBuildPhase;
			buildActionMask = 2147483647;
			files = (
				F88431B11D75EB99F272ADBA /* AppDelegate.swift in Sources */,
				F8843B98DD172F367D21A7BD /* SceneDelegate.swift in Sources */,
				F8843FF61D0CCCC242F05303 /* Dynamic.swift in Sources */,
				F8843AA173FF187CF1BB65F4 /* DynamicArray.swift in Sources */,
				F884392B8AD62F5350C511C6 /* DynamicAsync.swift in Sources */,
				F8843C15F6BA556A912151CC /* Constants.swift in Sources */,
				F88430EFDCD40F4A920503C6 /* GenericUtils.swift in Sources */,
				615B416C962B2267A5E64E98 /* HomeCoordinator.swift in Sources */,
				615B48375BDA48F8DD5BF69C /* HomeBaseCoordinator.swift in Sources */,
				615B45EAA5CFF1DA6C0E88C5 /* HomeViewController.swift in Sources */,
				615B45492B6DD5D87289BBF0 /* Coordinator.swift in Sources */,
				615B4F5343BB762B6D80E9FB /* MainCoordinator.swift in Sources */,
				615B405A50D61B0EDBC1C94E /* DeepLinkCoordinator.swift in Sources */,
				615B445BF35BFEFAC04D3D13 /* MainBaseCoordinator.swift in Sources */,
				615B4844DB58B30FF4E70EFF /* DeepLinkBaseCoordinator.swift in Sources */,
				615B480256DBB123AA566BC2 /* AppFlow.swift in Sources */,
			);
			runOnlyForDeploymentPostprocessing = 0;
		};
/* End PBXSourcesBuildPhase section */

/* Begin PBXVariantGroup section */
		055EBD0828782FD500E5F703 /* Main.storyboard */ = {
			isa = PBXVariantGroup;
			children = (
				055EBD0928782FD500E5F703 /* Base */,
			);
			name = Main.storyboard;
			sourceTree = "<group>";
		};
		055EBD0D28782FD600E5F703 /* LaunchScreen.storyboard */ = {
			isa = PBXVariantGroup;
			children = (
				055EBD0E28782FD600E5F703 /* Base */,
			);
			name = LaunchScreen.storyboard;
			sourceTree = "<group>";
		};
/* End PBXVariantGroup section */

/* Begin XCBuildConfiguration section */
		055EBD1128782FD600E5F703 /* Debug */ = {
			isa = XCBuildConfiguration;
			buildSettings = {
				ALWAYS_SEARCH_USER_PATHS = NO;
				CLANG_ANALYZER_NONNULL = YES;
				CLANG_ANALYZER_NUMBER_OBJECT_CONVERSION = YES_AGGRESSIVE;
				CLANG_CXX_LANGUAGE_STANDARD = "gnu++17";
				CLANG_ENABLE_MODULES = YES;
				CLANG_ENABLE_OBJC_ARC = YES;
				CLANG_ENABLE_OBJC_WEAK = YES;
				CLANG_WARN_BLOCK_CAPTURE_AUTORELEASING = YES;
				CLANG_WARN_BOOL_CONVERSION = YES;
				CLANG_WARN_COMMA = YES;
				CLANG_WARN_CONSTANT_CONVERSION = YES;
				CLANG_WARN_DEPRECATED_OBJC_IMPLEMENTATIONS = YES;
				CLANG_WARN_DIRECT_OBJC_ISA_USAGE = YES_ERROR;
				CLANG_WARN_DOCUMENTATION_COMMENTS = YES;
				CLANG_WARN_EMPTY_BODY = YES;
				CLANG_WARN_ENUM_CONVERSION = YES;
				CLANG_WARN_INFINITE_RECURSION = YES;
				CLANG_WARN_INT_CONVERSION = YES;
				CLANG_WARN_NON_LITERAL_NULL_CONVERSION = YES;
				CLANG_WARN_OBJC_IMPLICIT_RETAIN_SELF = YES;
				CLANG_WARN_OBJC_LITERAL_CONVERSION = YES;
				CLANG_WARN_OBJC_ROOT_CLASS = YES_ERROR;
				CLANG_WARN_QUOTED_INCLUDE_IN_FRAMEWORK_HEADER = YES;
				CLANG_WARN_RANGE_LOOP_ANALYSIS = YES;
				CLANG_WARN_STRICT_PROTOTYPES = YES;
				CLANG_WARN_SUSPICIOUS_MOVE = YES;
				CLANG_WARN_UNGUARDED_AVAILABILITY = YES_AGGRESSIVE;
				CLANG_WARN_UNREACHABLE_CODE = YES;
				CLANG_WARN__DUPLICATE_METHOD_MATCH = YES;
				COPY_PHASE_STRIP = NO;
				DEBUG_INFORMATION_FORMAT = dwarf;
				ENABLE_STRICT_OBJC_MSGSEND = YES;
				ENABLE_TESTABILITY = YES;
				GCC_C_LANGUAGE_STANDARD = gnu11;
				GCC_DYNAMIC_NO_PIC = NO;
				GCC_NO_COMMON_BLOCKS = YES;
				GCC_OPTIMIZATION_LEVEL = 0;
				GCC_PREPROCESSOR_DEFINITIONS = (
					"DEBUG=1",
					"$(inherited)",
				);
				GCC_WARN_64_TO_32_BIT_CONVERSION = YES;
				GCC_WARN_ABOUT_RETURN_TYPE = YES_ERROR;
				GCC_WARN_UNDECLARED_SELECTOR = YES;
				GCC_WARN_UNINITIALIZED_AUTOS = YES_AGGRESSIVE;
				GCC_WARN_UNUSED_FUNCTION = YES;
				GCC_WARN_UNUSED_VARIABLE = YES;
				IPHONEOS_DEPLOYMENT_TARGET = 15.5;
				MTL_ENABLE_DEBUG_INFO = INCLUDE_SOURCE;
				MTL_FAST_MATH = YES;
				ONLY_ACTIVE_ARCH = YES;
				SDKROOT = iphoneos;
				SWIFT_ACTIVE_COMPILATION_CONDITIONS = DEBUG;
				SWIFT_OPTIMIZATION_LEVEL = "-Onone";
			};
			name = Debug;
		};
		055EBD1228782FD600E5F703 /* Release */ = {
			isa = XCBuildConfiguration;
			buildSettings = {
				ALWAYS_SEARCH_USER_PATHS = NO;
				CLANG_ANALYZER_NONNULL = YES;
				CLANG_ANALYZER_NUMBER_OBJECT_CONVERSION = YES_AGGRESSIVE;
				CLANG_CXX_LANGUAGE_STANDARD = "gnu++17";
				CLANG_ENABLE_MODULES = YES;
				CLANG_ENABLE_OBJC_ARC = YES;
				CLANG_ENABLE_OBJC_WEAK = YES;
				CLANG_WARN_BLOCK_CAPTURE_AUTORELEASING = YES;
				CLANG_WARN_BOOL_CONVERSION = YES;
				CLANG_WARN_COMMA = YES;
				CLANG_WARN_CONSTANT_CONVERSION = YES;
				CLANG_WARN_DEPRECATED_OBJC_IMPLEMENTATIONS = YES;
				CLANG_WARN_DIRECT_OBJC_ISA_USAGE = YES_ERROR;
				CLANG_WARN_DOCUMENTATION_COMMENTS = YES;
				CLANG_WARN_EMPTY_BODY = YES;
				CLANG_WARN_ENUM_CONVERSION = YES;
				CLANG_WARN_INFINITE_RECURSION = YES;
				CLANG_WARN_INT_CONVERSION = YES;
				CLANG_WARN_NON_LITERAL_NULL_CONVERSION = YES;
				CLANG_WARN_OBJC_IMPLICIT_RETAIN_SELF = YES;
				CLANG_WARN_OBJC_LITERAL_CONVERSION = YES;
				CLANG_WARN_OBJC_ROOT_CLASS = YES_ERROR;
				CLANG_WARN_QUOTED_INCLUDE_IN_FRAMEWORK_HEADER = YES;
				CLANG_WARN_RANGE_LOOP_ANALYSIS = YES;
				CLANG_WARN_STRICT_PROTOTYPES = YES;
				CLANG_WARN_SUSPICIOUS_MOVE = YES;
				CLANG_WARN_UNGUARDED_AVAILABILITY = YES_AGGRESSIVE;
				CLANG_WARN_UNREACHABLE_CODE = YES;
				CLANG_WARN__DUPLICATE_METHOD_MATCH = YES;
				COPY_PHASE_STRIP = NO;
				DEBUG_INFORMATION_FORMAT = "dwarf-with-dsym";
				ENABLE_NS_ASSERTIONS = NO;
				ENABLE_STRICT_OBJC_MSGSEND = YES;
				GCC_C_LANGUAGE_STANDARD = gnu11;
				GCC_NO_COMMON_BLOCKS = YES;
				GCC_WARN_64_TO_32_BIT_CONVERSION = YES;
				GCC_WARN_ABOUT_RETURN_TYPE = YES_ERROR;
				GCC_WARN_UNDECLARED_SELECTOR = YES;
				GCC_WARN_UNINITIALIZED_AUTOS = YES_AGGRESSIVE;
				GCC_WARN_UNUSED_FUNCTION = YES;
				GCC_WARN_UNUSED_VARIABLE = YES;
				IPHONEOS_DEPLOYMENT_TARGET = 15.5;
				MTL_ENABLE_DEBUG_INFO = NO;
				MTL_FAST_MATH = YES;
				SDKROOT = iphoneos;
				SWIFT_COMPILATION_MODE = wholemodule;
				SWIFT_OPTIMIZATION_LEVEL = "-O";
				VALIDATE_PRODUCT = YES;
			};
			name = Release;
		};
		055EBD1428782FD600E5F703 /* Debug */ = {
			isa = XCBuildConfiguration;
			buildSettings = {
				ASSETCATALOG_COMPILER_APPICON_NAME = AppIcon;
				ASSETCATALOG_COMPILER_GLOBAL_ACCENT_COLOR_NAME = AccentColor;
				CODE_SIGN_STYLE = Automatic;
				CURRENT_PROJECT_VERSION = 1;
				DEVELOPMENT_TEAM = X4FJ736MWC;
				GENERATE_INFOPLIST_FILE = YES;
				INFOPLIST_FILE = "JusanWallet/Supporting Files/Info.plist";
				INFOPLIST_KEY_UIApplicationSupportsIndirectInputEvents = YES;
				INFOPLIST_KEY_UILaunchStoryboardName = LaunchScreen;
				INFOPLIST_KEY_UISupportedInterfaceOrientations_iPad = "UIInterfaceOrientationPortrait UIInterfaceOrientationPortraitUpsideDown UIInterfaceOrientationLandscapeLeft UIInterfaceOrientationLandscapeRight";
				INFOPLIST_KEY_UISupportedInterfaceOrientations_iPhone = "UIInterfaceOrientationPortrait UIInterfaceOrientationLandscapeLeft UIInterfaceOrientationLandscapeRight";
				LD_RUNPATH_SEARCH_PATHS = (
					"$(inherited)",
					"@executable_path/Frameworks",
				);
				MARKETING_VERSION = 1.0;
				PRODUCT_BUNDLE_IDENTIFIER = zlmnv.JusanWallet;
				PRODUCT_NAME = "$(TARGET_NAME)";
				SWIFT_EMIT_LOC_STRINGS = YES;
				SWIFT_VERSION = 5.0;
				TARGETED_DEVICE_FAMILY = "1,2";
			};
			name = Debug;
		};
		055EBD1528782FD600E5F703 /* Release */ = {
			isa = XCBuildConfiguration;
			buildSettings = {
				ASSETCATALOG_COMPILER_APPICON_NAME = AppIcon;
				ASSETCATALOG_COMPILER_GLOBAL_ACCENT_COLOR_NAME = AccentColor;
				CODE_SIGN_STYLE = Automatic;
				CURRENT_PROJECT_VERSION = 1;
				DEVELOPMENT_TEAM = X4FJ736MWC;
				GENERATE_INFOPLIST_FILE = YES;
				INFOPLIST_FILE = "JusanWallet/Supporting Files/Info.plist";
				INFOPLIST_KEY_UIApplicationSupportsIndirectInputEvents = YES;
				INFOPLIST_KEY_UILaunchStoryboardName = LaunchScreen;
				INFOPLIST_KEY_UISupportedInterfaceOrientations_iPad = "UIInterfaceOrientationPortrait UIInterfaceOrientationPortraitUpsideDown UIInterfaceOrientationLandscapeLeft UIInterfaceOrientationLandscapeRight";
				INFOPLIST_KEY_UISupportedInterfaceOrientations_iPhone = "UIInterfaceOrientationPortrait UIInterfaceOrientationLandscapeLeft UIInterfaceOrientationLandscapeRight";
				LD_RUNPATH_SEARCH_PATHS = (
					"$(inherited)",
					"@executable_path/Frameworks",
				);
				MARKETING_VERSION = 1.0;
				PRODUCT_BUNDLE_IDENTIFIER = zlmnv.JusanWallet;
				PRODUCT_NAME = "$(TARGET_NAME)";
				SWIFT_EMIT_LOC_STRINGS = YES;
				SWIFT_VERSION = 5.0;
				TARGETED_DEVICE_FAMILY = "1,2";
			};
			name = Release;
		};
/* End XCBuildConfiguration section */

/* Begin XCConfigurationList section */
		055EBCFA28782FD500E5F703 /* Build configuration list for PBXProject "JusanWallet" */ = {
			isa = XCConfigurationList;
			buildConfigurations = (
				055EBD1128782FD600E5F703 /* Debug */,
				055EBD1228782FD600E5F703 /* Release */,
			);
			defaultConfigurationIsVisible = 0;
			defaultConfigurationName = Release;
		};
		055EBD1328782FD600E5F703 /* Build configuration list for PBXNativeTarget "JusanWallet" */ = {
			isa = XCConfigurationList;
			buildConfigurations = (
				055EBD1428782FD600E5F703 /* Debug */,
				055EBD1528782FD600E5F703 /* Release */,
			);
			defaultConfigurationIsVisible = 0;
			defaultConfigurationName = Release;
		};
/* End XCConfigurationList section */
	};
	rootObject = 055EBCF728782FD500E5F703 /* Project object */;
}
